
Microsoft Visual Studio Solution File, Format Version 12.00
# Visual Studio Version 17
VisualStudioVersion = 17.5.33627.172
MinimumVisualStudioVersion = 10.0.40219.1
Project("{FAE04EC0-301F-11D3-BF4B-00C04F79EFBC}") = "Assignment 1", "Assignment 1\Assignment 1.csproj", "{82224BEA-0961-4425-B1E3-48C54893F903}"
EndProject
Global
	GlobalSection(SolutionConfigurationPlatforms) = preSolution
		Debug|Any CPU = Debug|Any CPU
		Release|Any CPU = Release|Any CPU
	EndGlobalSection
	GlobalSection(ProjectConfigurationPlatforms) = postSolution
		{82224BEA-0961-4425-B1E3-48C54893F903}.Debug|Any CPU.ActiveCfg = Debug|Any CPU
		{82224BEA-0961-4425-B1E3-48C54893F903}.Debug|Any CPU.Build.0 = Debug|Any CPU
		{82224BEA-0961-4425-B1E3-48C54893F903}.Release|Any CPU.ActiveCfg = Release|Any CPU
		{82224BEA-0961-4425-B1E3-48C54893F903}.Release|Any CPU.Build.0 = Release|Any CPU
	EndGlobalSection
	GlobalSection(SolutionProperties) = preSolution
		HideSolutionNode = FALSE
	EndGlobalSection
	GlobalSection(ExtensibilityGlobals) = postSolution
		SolutionGuid = {309B15B1-6F48-4E1F-84D4-06C8430503F7}
	EndGlobalSection
EndGlobal
